
Microsoft Visual Studio Solution File, Format Version 12.00
Project("{F2A71F9B-5D33-465A-A702-920D77279786}") = "AdventOfCode24", "AdventOfCode24\AdventOfCode24.fsproj", "{BD1C07F3-00FD-4865-9347-DB5BD7E24A42}"
EndProject
Global
	GlobalSection(SolutionConfigurationPlatforms) = preSolution
		Debug|Any CPU = Debug|Any CPU
		Release|Any CPU = Release|Any CPU
	EndGlobalSection
	GlobalSection(ProjectConfigurationPlatforms) = postSolution
		{BD1C07F3-00FD-4865-9347-DB5BD7E24A42}.Debug|Any CPU.ActiveCfg = Debug|Any CPU
		{BD1C07F3-00FD-4865-9347-DB5BD7E24A42}.Debug|Any CPU.Build.0 = Debug|Any CPU
		{BD1C07F3-00FD-4865-9347-DB5BD7E24A42}.Release|Any CPU.ActiveCfg = Release|Any CPU
		{BD1C07F3-00FD-4865-9347-DB5BD7E24A42}.Release|Any CPU.Build.0 = Release|Any CPU
	EndGlobalSection
EndGlobal
